
Microsoft Visual Studio Solution File, Format Version 12.00
# Visual Studio 15
Project("{FAE04EC0-301F-11D3-BF4B-00C04F79EFBC}") = "CharlesCalc.Android", "CharlesCalc.Android\CharlesCalc.Android.csproj", "{AD1C9112-000A-44EE-903D-4FCA19587720}"
EndProject
Project("{FAE04EC0-301F-11D3-BF4B-00C04F79EFBC}") = "CharlesCalc.iOS", "CharlesCalc.iOS\CharlesCalc.iOS.csproj", "{87514844-CF53-42AE-9CCE-2CFFBC6D5D04}"
EndProject
Project("{FAE04EC0-301F-11D3-BF4B-00C04F79EFBC}") = "CharlesCalc", "CharlesCalc\CharlesCalc.csproj", "{A25B6DF4-38E6-451A-8D57-7C7C7E2E8BF4}"
EndProject
Global
	GlobalSection(SolutionConfigurationPlatforms) = preSolution
		Debug|Any CPU = Debug|Any CPU
		Release|Any CPU = Release|Any CPU
		Debug|iPhoneSimulator = Debug|iPhoneSimulator
		Release|iPhoneSimulator = Release|iPhoneSimulator
		Debug|iPhone = Debug|iPhone
		Release|iPhone = Release|iPhone
	EndGlobalSection
	GlobalSection(ProjectConfigurationPlatforms) = postSolution
		{AD1C9112-000A-44EE-903D-4FCA19587720}.Debug|Any CPU.ActiveCfg = Debug|Any CPU
		{AD1C9112-000A-44EE-903D-4FCA19587720}.Debug|Any CPU.Build.0 = Debug|Any CPU
		{AD1C9112-000A-44EE-903D-4FCA19587720}.Release|Any CPU.ActiveCfg = Release|Any CPU
		{AD1C9112-000A-44EE-903D-4FCA19587720}.Release|Any CPU.Build.0 = Release|Any CPU
		{AD1C9112-000A-44EE-903D-4FCA19587720}.Debug|iPhoneSimulator.ActiveCfg = Debug|Any CPU
		{AD1C9112-000A-44EE-903D-4FCA19587720}.Debug|iPhoneSimulator.Build.0 = Debug|Any CPU
		{AD1C9112-000A-44EE-903D-4FCA19587720}.Release|iPhoneSimulator.ActiveCfg = Release|Any CPU
		{AD1C9112-000A-44EE-903D-4FCA19587720}.Release|iPhoneSimulator.Build.0 = Release|Any CPU
		{AD1C9112-000A-44EE-903D-4FCA19587720}.Debug|iPhone.ActiveCfg = Debug|Any CPU
		{AD1C9112-000A-44EE-903D-4FCA19587720}.Debug|iPhone.Build.0 = Debug|Any CPU
		{AD1C9112-000A-44EE-903D-4FCA19587720}.Release|iPhone.ActiveCfg = Release|Any CPU
		{AD1C9112-000A-44EE-903D-4FCA19587720}.Release|iPhone.Build.0 = Release|Any CPU
		{87514844-CF53-42AE-9CCE-2CFFBC6D5D04}.Debug|Any CPU.ActiveCfg = Debug|iPhoneSimulator
		{87514844-CF53-42AE-9CCE-2CFFBC6D5D04}.Debug|Any CPU.Build.0 = Debug|iPhoneSimulator
		{87514844-CF53-42AE-9CCE-2CFFBC6D5D04}.Release|Any CPU.ActiveCfg = Release|iPhoneSimulator
		{87514844-CF53-42AE-9CCE-2CFFBC6D5D04}.Release|Any CPU.Build.0 = Release|iPhoneSimulator
		{87514844-CF53-42AE-9CCE-2CFFBC6D5D04}.Debug|iPhoneSimulator.ActiveCfg = Debug|iPhoneSimulator
		{87514844-CF53-42AE-9CCE-2CFFBC6D5D04}.Debug|iPhoneSimulator.Build.0 = Debug|iPhoneSimulator
		{87514844-CF53-42AE-9CCE-2CFFBC6D5D04}.Release|iPhoneSimulator.ActiveCfg = Release|iPhoneSimulator
		{87514844-CF53-42AE-9CCE-2CFFBC6D5D04}.Release|iPhoneSimulator.Build.0 = Release|iPhoneSimulator
		{87514844-CF53-42AE-9CCE-2CFFBC6D5D04}.Debug|iPhone.ActiveCfg = Debug|iPhone
		{87514844-CF53-42AE-9CCE-2CFFBC6D5D04}.Debug|iPhone.Build.0 = Debug|iPhone
		{87514844-CF53-42AE-9CCE-2CFFBC6D5D04}.Release|iPhone.ActiveCfg = Release|iPhone
		{87514844-CF53-42AE-9CCE-2CFFBC6D5D04}.Release|iPhone.Build.0 = Release|iPhone
		{A25B6DF4-38E6-451A-8D57-7C7C7E2E8BF4}.Debug|Any CPU.ActiveCfg = Debug|Any CPU
		{A25B6DF4-38E6-451A-8D57-7C7C7E2E8BF4}.Debug|Any CPU.Build.0 = Debug|Any CPU
		{A25B6DF4-38E6-451A-8D57-7C7C7E2E8BF4}.Release|Any CPU.ActiveCfg = Release|Any CPU
		{A25B6DF4-38E6-451A-8D57-7C7C7E2E8BF4}.Release|Any CPU.Build.0 = Release|Any CPU
		{A25B6DF4-38E6-451A-8D57-7C7C7E2E8BF4}.Debug|iPhoneSimulator.ActiveCfg = Debug|Any CPU
		{A25B6DF4-38E6-451A-8D57-7C7C7E2E8BF4}.Debug|iPhoneSimulator.Build.0 = Debug|Any CPU
		{A25B6DF4-38E6-451A-8D57-7C7C7E2E8BF4}.Release|iPhoneSimulator.ActiveCfg = Release|Any CPU
		{A25B6DF4-38E6-451A-8D57-7C7C7E2E8BF4}.Release|iPhoneSimulator.Build.0 = Release|Any CPU
		{A25B6DF4-38E6-451A-8D57-7C7C7E2E8BF4}.Debug|iPhone.ActiveCfg = Debug|Any CPU
		{A25B6DF4-38E6-451A-8D57-7C7C7E2E8BF4}.Debug|iPhone.Build.0 = Debug|Any CPU
		{A25B6DF4-38E6-451A-8D57-7C7C7E2E8BF4}.Release|iPhone.ActiveCfg = Release|Any CPU
		{A25B6DF4-38E6-451A-8D57-7C7C7E2E8BF4}.Release|iPhone.Build.0 = Release|Any CPU
	EndGlobalSection
EndGlobal
